
Microsoft Visual Studio Solution File, Format Version 12.00
# Visual Studio Version 17
VisualStudioVersion = 17.2.32519.379
MinimumVisualStudioVersion = 10.0.40219.1
Project("{FAE04EC0-301F-11D3-BF4B-00C04F79EFBC}") = "Self Assigment W3", "Self Assigment W3\Self Assigment W3.csproj", "{48C9A9A6-A6B7-4810-BA40-7E82FDEBA8CA}"
EndProject
Global
	GlobalSection(SolutionConfigurationPlatforms) = preSolution
		Debug|Any CPU = Debug|Any CPU
		Release|Any CPU = Release|Any CPU
	EndGlobalSection
	GlobalSection(ProjectConfigurationPlatforms) = postSolution
		{48C9A9A6-A6B7-4810-BA40-7E82FDEBA8CA}.Debug|Any CPU.ActiveCfg = Debug|Any CPU
		{48C9A9A6-A6B7-4810-BA40-7E82FDEBA8CA}.Debug|Any CPU.Build.0 = Debug|Any CPU
		{48C9A9A6-A6B7-4810-BA40-7E82FDEBA8CA}.Release|Any CPU.ActiveCfg = Release|Any CPU
		{48C9A9A6-A6B7-4810-BA40-7E82FDEBA8CA}.Release|Any CPU.Build.0 = Release|Any CPU
	EndGlobalSection
	GlobalSection(SolutionProperties) = preSolution
		HideSolutionNode = FALSE
	EndGlobalSection
	GlobalSection(ExtensibilityGlobals) = postSolution
		SolutionGuid = {04235376-4790-41DA-9A47-FCEEAE4286E7}
	EndGlobalSection
EndGlobal
